Microsoft Visual Studio Solution File, Format Version 11.00
# Visual Studio 2008

Project("{99278E04-8390-ED2C-1170-0D78838D15DC}") = "prototype - Copy", "Assembly-CSharp.csproj", "{3E30CF0F-B6EF-1C1F-5C0F-A0643526B333}"
EndProject
Global
	GlobalSection(SolutionConfigurationPlatforms) = preSolution
		Debug|Any CPU = Debug|Any CPU
		Release|Any CPU = Release|Any CPU
	EndGlobalSection
	GlobalSection(ProjectConfigurationPlatforms) = postSolution
		{3E30CF0F-B6EF-1C1F-5C0F-A0643526B333}.Debug|Any CPU.ActiveCfg = Debug|Any CPU
		{3E30CF0F-B6EF-1C1F-5C0F-A0643526B333}.Debug|Any CPU.Build.0 = Debug|Any CPU
		{3E30CF0F-B6EF-1C1F-5C0F-A0643526B333}.Release|Any CPU.ActiveCfg = Release|Any CPU
		{3E30CF0F-B6EF-1C1F-5C0F-A0643526B333}.Release|Any CPU.Build.0 = Release|Any CPU
	EndGlobalSection
	GlobalSection(SolutionProperties) = preSolution
		HideSolutionNode = FALSE
	EndGlobalSection
	GlobalSection(MonoDevelopProperties) = preSolution
		StartupItem = Assembly-CSharp.csproj
	EndGlobalSection
EndGlobal
